
Microsoft Visual Studio Solution File, Format Version 12.00
# Visual Studio Version 16
VisualStudioVersion = 16.0.31410.357
MinimumVisualStudioVersion = 10.0.40219.1
Project("{9A19103F-16F7-4668-BE54-9A1E7A4F7556}") = "IdentityService", "IdentityService\IdentityService.csproj", "{0A23DBFF-40DB-48B8-B03E-F21AFC600744}"
EndProject
Project("{FAE04EC0-301F-11D3-BF4B-00C04F79EFBC}") = "HelloService", "HelloService\HelloService.csproj", "{53ABC202-0DC7-419A-8FBF-78812E8F69BA}"
EndProject
Global
	GlobalSection(SolutionConfigurationPlatforms) = preSolution
		Debug|Any CPU = Debug|Any CPU
		Release|Any CPU = Release|Any CPU
	EndGlobalSection
	GlobalSection(ProjectConfigurationPlatforms) = postSolution
		{0A23DBFF-40DB-48B8-B03E-F21AFC600744}.Debug|Any CPU.ActiveCfg = Debug|Any CPU
		{0A23DBFF-40DB-48B8-B03E-F21AFC600744}.Debug|Any CPU.Build.0 = Debug|Any CPU
		{0A23DBFF-40DB-48B8-B03E-F21AFC600744}.Release|Any CPU.ActiveCfg = Release|Any CPU
		{0A23DBFF-40DB-48B8-B03E-F21AFC600744}.Release|Any CPU.Build.0 = Release|Any CPU
		{53ABC202-0DC7-419A-8FBF-78812E8F69BA}.Debug|Any CPU.ActiveCfg = Debug|Any CPU
		{53ABC202-0DC7-419A-8FBF-78812E8F69BA}.Debug|Any CPU.Build.0 = Debug|Any CPU
		{53ABC202-0DC7-419A-8FBF-78812E8F69BA}.Release|Any CPU.ActiveCfg = Release|Any CPU
		{53ABC202-0DC7-419A-8FBF-78812E8F69BA}.Release|Any CPU.Build.0 = Release|Any CPU
	EndGlobalSection
	GlobalSection(SolutionProperties) = preSolution
		HideSolutionNode = FALSE
	EndGlobalSection
	GlobalSection(ExtensibilityGlobals) = postSolution
		SolutionGuid = {F8126060-01B5-4FB2-AAD7-708FB5A372BB}
	EndGlobalSection
EndGlobal
