
Microsoft Visual Studio Solution File, Format Version 12.00
# Visual Studio Version 16
VisualStudioVersion = 16.0.31410.357
MinimumVisualStudioVersion = 10.0.40219.1
Project("{9A19103F-16F7-4668-BE54-9A1E7A4F7556}") = "GameInfoService.Catalog", "GameInfoService.Catalog.csproj", "{BA2DE520-CA23-4EA3-A3E0-F677DEBB3517}"
EndProject
Global
	GlobalSection(SolutionConfigurationPlatforms) = preSolution
		Debug|Any CPU = Debug|Any CPU
		Release|Any CPU = Release|Any CPU
	EndGlobalSection
	GlobalSection(ProjectConfigurationPlatforms) = postSolution
		{BA2DE520-CA23-4EA3-A3E0-F677DEBB3517}.Debug|Any CPU.ActiveCfg = Debug|Any CPU
		{BA2DE520-CA23-4EA3-A3E0-F677DEBB3517}.Debug|Any CPU.Build.0 = Debug|Any CPU
		{BA2DE520-CA23-4EA3-A3E0-F677DEBB3517}.Release|Any CPU.ActiveCfg = Release|Any CPU
		{BA2DE520-CA23-4EA3-A3E0-F677DEBB3517}.Release|Any CPU.Build.0 = Release|Any CPU
	EndGlobalSection
	GlobalSection(SolutionProperties) = preSolution
		HideSolutionNode = FALSE
	EndGlobalSection
	GlobalSection(ExtensibilityGlobals) = postSolution
		SolutionGuid = {7B4D2786-17EB-4DD6-B03E-3612FFCD9F97}
	EndGlobalSection
EndGlobal
