
Microsoft Visual Studio Solution File, Format Version 12.00
# Visual Studio Version 16
VisualStudioVersion = 16.0.31410.357
MinimumVisualStudioVersion = 10.0.40219.1
Project("{9A19103F-16F7-4668-BE54-9A1E7A4F7556}") = "GameInfoService.APIGateway", "GameInfoService.APIGateway\GameInfoService.APIGateway.csproj", "{8617E920-CD31-4EF9-B083-E87876E5F069}"
EndProject
Project("{9A19103F-16F7-4668-BE54-9A1E7A4F7556}") = "GameInfoService.IdentityService", "GameInfoService.IdentityService\GameInfoService.IdentityService.csproj", "{B4A85AA1-9153-40A9-B696-0EB03324CD36}"
EndProject
Project("{2150E333-8FDC-42A3-9474-1A3956D46DE8}") = "GameInfoService.IdenityService", "GameInfoService.IdenityService", "{9257E49E-1892-46D4-BB90-2E607986252F}"
EndProject
Project("{2150E333-8FDC-42A3-9474-1A3956D46DE8}") = "GameInfoService.APIGateway", "GameInfoService.APIGateway", "{51E7A40C-2D8E-417D-8D47-8E293CD7A24A}"
EndProject
Project("{2150E333-8FDC-42A3-9474-1A3956D46DE8}") = "GameInfoService.Catalog", "GameInfoService.Catalog", "{28B2AE26-991D-401F-8204-4887515EFA79}"
EndProject
Project("{FAE04EC0-301F-11D3-BF4B-00C04F79EFBC}") = "GameInfoService.Catalog.Domain", "GameInfoService.Catalog\GameInfoService.Catalog.Domain\GameInfoService.Catalog.Domain\GameInfoService.Catalog.Domain.csproj", "{3D4E03F6-B92F-415B-B870-0D5B86953FFE}"
EndProject
Project("{FAE04EC0-301F-11D3-BF4B-00C04F79EFBC}") = "GameInfoService.Catalog.Infrastructure", "GameInfoService.Catalog\GameInfoService.Catalog.Repository\GameInfoService.Catalog.Infrastructure.csproj", "{4F0CDB42-B9C7-4179-AF52-AE432F31D8DC}"
EndProject
Project("{FAE04EC0-301F-11D3-BF4B-00C04F79EFBC}") = "GameInfoService.Catalog.Services", "GameInfoService.Catalog\GameInfoService.Catalog.Services\GameInfoService.Catalog.Services.csproj", "{1E122068-6859-4E1F-B1DC-FAD9DF43840C}"
EndProject
Project("{9A19103F-16F7-4668-BE54-9A1E7A4F7556}") = "GameInfoService.Catalog.App", "GameInfoService.Catalog\GameInfoService.Catalog.App\GameInfoService.Catalog.App.csproj", "{3DA2BFF1-ADEC-45F2-8EEC-D6FA862E98D7}"
EndProject
Global
	GlobalSection(SolutionConfigurationPlatforms) = preSolution
		Debug|Any CPU = Debug|Any CPU
		Release|Any CPU = Release|Any CPU
	EndGlobalSection
	GlobalSection(ProjectConfigurationPlatforms) = postSolution
		{8617E920-CD31-4EF9-B083-E87876E5F069}.Debug|Any CPU.ActiveCfg = Debug|Any CPU
		{8617E920-CD31-4EF9-B083-E87876E5F069}.Debug|Any CPU.Build.0 = Debug|Any CPU
		{8617E920-CD31-4EF9-B083-E87876E5F069}.Release|Any CPU.ActiveCfg = Release|Any CPU
		{8617E920-CD31-4EF9-B083-E87876E5F069}.Release|Any CPU.Build.0 = Release|Any CPU
		{B4A85AA1-9153-40A9-B696-0EB03324CD36}.Debug|Any CPU.ActiveCfg = Debug|Any CPU
		{B4A85AA1-9153-40A9-B696-0EB03324CD36}.Debug|Any CPU.Build.0 = Debug|Any CPU
		{B4A85AA1-9153-40A9-B696-0EB03324CD36}.Release|Any CPU.ActiveCfg = Release|Any CPU
		{B4A85AA1-9153-40A9-B696-0EB03324CD36}.Release|Any CPU.Build.0 = Release|Any CPU
		{3D4E03F6-B92F-415B-B870-0D5B86953FFE}.Debug|Any CPU.ActiveCfg = Debug|Any CPU
		{3D4E03F6-B92F-415B-B870-0D5B86953FFE}.Debug|Any CPU.Build.0 = Debug|Any CPU
		{3D4E03F6-B92F-415B-B870-0D5B86953FFE}.Release|Any CPU.ActiveCfg = Release|Any CPU
		{3D4E03F6-B92F-415B-B870-0D5B86953FFE}.Release|Any CPU.Build.0 = Release|Any CPU
		{4F0CDB42-B9C7-4179-AF52-AE432F31D8DC}.Debug|Any CPU.ActiveCfg = Debug|Any CPU
		{4F0CDB42-B9C7-4179-AF52-AE432F31D8DC}.Debug|Any CPU.Build.0 = Debug|Any CPU
		{4F0CDB42-B9C7-4179-AF52-AE432F31D8DC}.Release|Any CPU.ActiveCfg = Release|Any CPU
		{4F0CDB42-B9C7-4179-AF52-AE432F31D8DC}.Release|Any CPU.Build.0 = Release|Any CPU
		{1E122068-6859-4E1F-B1DC-FAD9DF43840C}.Debug|Any CPU.ActiveCfg = Debug|Any CPU
		{1E122068-6859-4E1F-B1DC-FAD9DF43840C}.Debug|Any CPU.Build.0 = Debug|Any CPU
		{1E122068-6859-4E1F-B1DC-FAD9DF43840C}.Release|Any CPU.ActiveCfg = Release|Any CPU
		{1E122068-6859-4E1F-B1DC-FAD9DF43840C}.Release|Any CPU.Build.0 = Release|Any CPU
		{3DA2BFF1-ADEC-45F2-8EEC-D6FA862E98D7}.Debug|Any CPU.ActiveCfg = Debug|Any CPU
		{3DA2BFF1-ADEC-45F2-8EEC-D6FA862E98D7}.Debug|Any CPU.Build.0 = Debug|Any CPU
		{3DA2BFF1-ADEC-45F2-8EEC-D6FA862E98D7}.Release|Any CPU.ActiveCfg = Release|Any CPU
		{3DA2BFF1-ADEC-45F2-8EEC-D6FA862E98D7}.Release|Any CPU.Build.0 = Release|Any CPU
	EndGlobalSection
	GlobalSection(SolutionProperties) = preSolution
		HideSolutionNode = FALSE
	EndGlobalSection
	GlobalSection(NestedProjects) = preSolution
		{8617E920-CD31-4EF9-B083-E87876E5F069} = {51E7A40C-2D8E-417D-8D47-8E293CD7A24A}
		{B4A85AA1-9153-40A9-B696-0EB03324CD36} = {9257E49E-1892-46D4-BB90-2E607986252F}
		{3D4E03F6-B92F-415B-B870-0D5B86953FFE} = {28B2AE26-991D-401F-8204-4887515EFA79}
		{4F0CDB42-B9C7-4179-AF52-AE432F31D8DC} = {28B2AE26-991D-401F-8204-4887515EFA79}
		{1E122068-6859-4E1F-B1DC-FAD9DF43840C} = {28B2AE26-991D-401F-8204-4887515EFA79}
		{3DA2BFF1-ADEC-45F2-8EEC-D6FA862E98D7} = {28B2AE26-991D-401F-8204-4887515EFA79}
	EndGlobalSection
	GlobalSection(ExtensibilityGlobals) = postSolution
		SolutionGuid = {F8126060-01B5-4FB2-AAD7-708FB5A372BB}
	EndGlobalSection
EndGlobal
