
Microsoft Visual Studio Solution File, Format Version 12.00
# Visual Studio Version 16
VisualStudioVersion = 16.0.31410.357
MinimumVisualStudioVersion = 10.0.40219.1
Project("{9A19103F-16F7-4668-BE54-9A1E7A4F7556}") = "GameInfoService.APIGateway", "GameInfoService.APIGateway\GameInfoService.APIGateway.csproj", "{8617E920-CD31-4EF9-B083-E87876E5F069}"
EndProject
Project("{9A19103F-16F7-4668-BE54-9A1E7A4F7556}") = "GameInfoService.IdentityService", "GameInfoService.IdentityService\GameInfoService.IdentityService.csproj", "{B4A85AA1-9153-40A9-B696-0EB03324CD36}"
EndProject
Project("{2150E333-8FDC-42A3-9474-1A3956D46DE8}") = "GameInfoService.IdenityService", "GameInfoService.IdenityService", "{9257E49E-1892-46D4-BB90-2E607986252F}"
EndProject
Project("{2150E333-8FDC-42A3-9474-1A3956D46DE8}") = "GameInfoService.APIGateway", "GameInfoService.APIGateway", "{51E7A40C-2D8E-417D-8D47-8E293CD7A24A}"
EndProject
Project("{2150E333-8FDC-42A3-9474-1A3956D46DE8}") = "GameInfoService.Catalog", "GameInfoService.Catalog", "{28B2AE26-991D-401F-8204-4887515EFA79}"
EndProject
Project("{9A19103F-16F7-4668-BE54-9A1E7A4F7556}") = "GameInfoService.Catalog.Services", "GameInfoService.Catalog\GameInfoService.Catalog.Services\GameInfoService.Catalog.Services.csproj", "{1E122068-6859-4E1F-B1DC-FAD9DF43840C}"
EndProject
Project("{9A19103F-16F7-4668-BE54-9A1E7A4F7556}") = "GameInfoService.Catalog.App", "GameInfoService.Catalog\GameInfoService.Catalog.App\GameInfoService.Catalog.App.csproj", "{3DA2BFF1-ADEC-45F2-8EEC-D6FA862E98D7}"
EndProject
Project("{9A19103F-16F7-4668-BE54-9A1E7A4F7556}") = "GameInfoService.Catalog.Domain", "GameInfoService.Catalog\GameInfoService.Catalog.Domain\GameInfoService.Catalog.Domain.csproj", "{B95F66CB-E4BE-4838-83DA-6488234328DB}"
EndProject
Project("{9A19103F-16F7-4668-BE54-9A1E7A4F7556}") = "GameInfoService.Catalog.Infrastructure", "GameInfoService.Catalog\GameInfoService.Catalog.Infrastructure\GameInfoService.Catalog.Infrastructure.csproj", "{54D2B2A5-DFB0-4588-87CB-15C4BA62466C}"
EndProject
Project("{2150E333-8FDC-42A3-9474-1A3956D46DE8}") = "GameInfoService.Rating", "GameInfoService.Rating", "{EE94DD51-D5A3-4CCD-847B-E93B8CDDB85C}"
EndProject
Project("{9A19103F-16F7-4668-BE54-9A1E7A4F7556}") = "GameInfoService.Rating.App", "GameInfoService.Rating\GameInfoService.Rating.App\GameInfoService.Rating.App.csproj", "{64A93B06-534C-43CE-AB26-942E0491A480}"
EndProject
Project("{9A19103F-16F7-4668-BE54-9A1E7A4F7556}") = "GameInfoService.Rating.Domain", "GameInfoService.Rating\GameInfoService.Rating.Domain\GameInfoService.Rating.Domain.csproj", "{EC2BAB1A-99CB-4D5F-8D75-9B579BFB95EB}"
EndProject
Project("{9A19103F-16F7-4668-BE54-9A1E7A4F7556}") = "GameInfoService.Rating.Services", "GameInfoService.Rating\GameInfoService.Rating.Services\GameInfoService.Rating.Services.csproj", "{FE9F9260-AC2E-4700-AFC2-C83B4C7C88B4}"
EndProject
Project("{9A19103F-16F7-4668-BE54-9A1E7A4F7556}") = "GameInfoService.Rating.Infrastructure", "GameInfoService.Rating\GameInfoService.Rating.Infrastructure\GameInfoService.Rating.Infrastructure.csproj", "{C67C374F-1795-4835-90CD-8E414CF1A7ED}"
EndProject
Global
	GlobalSection(SolutionConfigurationPlatforms) = preSolution
		Debug|Any CPU = Debug|Any CPU
		Release|Any CPU = Release|Any CPU
	EndGlobalSection
	GlobalSection(ProjectConfigurationPlatforms) = postSolution
		{8617E920-CD31-4EF9-B083-E87876E5F069}.Debug|Any CPU.ActiveCfg = Debug|Any CPU
		{8617E920-CD31-4EF9-B083-E87876E5F069}.Debug|Any CPU.Build.0 = Debug|Any CPU
		{8617E920-CD31-4EF9-B083-E87876E5F069}.Release|Any CPU.ActiveCfg = Release|Any CPU
		{8617E920-CD31-4EF9-B083-E87876E5F069}.Release|Any CPU.Build.0 = Release|Any CPU
		{B4A85AA1-9153-40A9-B696-0EB03324CD36}.Debug|Any CPU.ActiveCfg = Debug|Any CPU
		{B4A85AA1-9153-40A9-B696-0EB03324CD36}.Debug|Any CPU.Build.0 = Debug|Any CPU
		{B4A85AA1-9153-40A9-B696-0EB03324CD36}.Release|Any CPU.ActiveCfg = Release|Any CPU
		{B4A85AA1-9153-40A9-B696-0EB03324CD36}.Release|Any CPU.Build.0 = Release|Any CPU
		{1E122068-6859-4E1F-B1DC-FAD9DF43840C}.Debug|Any CPU.ActiveCfg = Debug|Any CPU
		{1E122068-6859-4E1F-B1DC-FAD9DF43840C}.Debug|Any CPU.Build.0 = Debug|Any CPU
		{1E122068-6859-4E1F-B1DC-FAD9DF43840C}.Release|Any CPU.ActiveCfg = Release|Any CPU
		{1E122068-6859-4E1F-B1DC-FAD9DF43840C}.Release|Any CPU.Build.0 = Release|Any CPU
		{3DA2BFF1-ADEC-45F2-8EEC-D6FA862E98D7}.Debug|Any CPU.ActiveCfg = Debug|Any CPU
		{3DA2BFF1-ADEC-45F2-8EEC-D6FA862E98D7}.Debug|Any CPU.Build.0 = Debug|Any CPU
		{3DA2BFF1-ADEC-45F2-8EEC-D6FA862E98D7}.Release|Any CPU.ActiveCfg = Release|Any CPU
		{3DA2BFF1-ADEC-45F2-8EEC-D6FA862E98D7}.Release|Any CPU.Build.0 = Release|Any CPU
		{B95F66CB-E4BE-4838-83DA-6488234328DB}.Debug|Any CPU.ActiveCfg = Debug|Any CPU
		{B95F66CB-E4BE-4838-83DA-6488234328DB}.Debug|Any CPU.Build.0 = Debug|Any CPU
		{B95F66CB-E4BE-4838-83DA-6488234328DB}.Release|Any CPU.ActiveCfg = Release|Any CPU
		{B95F66CB-E4BE-4838-83DA-6488234328DB}.Release|Any CPU.Build.0 = Release|Any CPU
		{54D2B2A5-DFB0-4588-87CB-15C4BA62466C}.Debug|Any CPU.ActiveCfg = Debug|Any CPU
		{54D2B2A5-DFB0-4588-87CB-15C4BA62466C}.Debug|Any CPU.Build.0 = Debug|Any CPU
		{54D2B2A5-DFB0-4588-87CB-15C4BA62466C}.Release|Any CPU.ActiveCfg = Release|Any CPU
		{54D2B2A5-DFB0-4588-87CB-15C4BA62466C}.Release|Any CPU.Build.0 = Release|Any CPU
		{64A93B06-534C-43CE-AB26-942E0491A480}.Debug|Any CPU.ActiveCfg = Debug|Any CPU
		{64A93B06-534C-43CE-AB26-942E0491A480}.Debug|Any CPU.Build.0 = Debug|Any CPU
		{64A93B06-534C-43CE-AB26-942E0491A480}.Release|Any CPU.ActiveCfg = Release|Any CPU
		{64A93B06-534C-43CE-AB26-942E0491A480}.Release|Any CPU.Build.0 = Release|Any CPU
		{EC2BAB1A-99CB-4D5F-8D75-9B579BFB95EB}.Debug|Any CPU.ActiveCfg = Debug|Any CPU
		{EC2BAB1A-99CB-4D5F-8D75-9B579BFB95EB}.Debug|Any CPU.Build.0 = Debug|Any CPU
		{EC2BAB1A-99CB-4D5F-8D75-9B579BFB95EB}.Release|Any CPU.ActiveCfg = Release|Any CPU
		{EC2BAB1A-99CB-4D5F-8D75-9B579BFB95EB}.Release|Any CPU.Build.0 = Release|Any CPU
		{FE9F9260-AC2E-4700-AFC2-C83B4C7C88B4}.Debug|Any CPU.ActiveCfg = Debug|Any CPU
		{FE9F9260-AC2E-4700-AFC2-C83B4C7C88B4}.Debug|Any CPU.Build.0 = Debug|Any CPU
		{FE9F9260-AC2E-4700-AFC2-C83B4C7C88B4}.Release|Any CPU.ActiveCfg = Release|Any CPU
		{FE9F9260-AC2E-4700-AFC2-C83B4C7C88B4}.Release|Any CPU.Build.0 = Release|Any CPU
		{C67C374F-1795-4835-90CD-8E414CF1A7ED}.Debug|Any CPU.ActiveCfg = Debug|Any CPU
		{C67C374F-1795-4835-90CD-8E414CF1A7ED}.Debug|Any CPU.Build.0 = Debug|Any CPU
		{C67C374F-1795-4835-90CD-8E414CF1A7ED}.Release|Any CPU.ActiveCfg = Release|Any CPU
		{C67C374F-1795-4835-90CD-8E414CF1A7ED}.Release|Any CPU.Build.0 = Release|Any CPU
	EndGlobalSection
	GlobalSection(SolutionProperties) = preSolution
		HideSolutionNode = FALSE
	EndGlobalSection
	GlobalSection(NestedProjects) = preSolution
		{8617E920-CD31-4EF9-B083-E87876E5F069} = {51E7A40C-2D8E-417D-8D47-8E293CD7A24A}
		{B4A85AA1-9153-40A9-B696-0EB03324CD36} = {9257E49E-1892-46D4-BB90-2E607986252F}
		{1E122068-6859-4E1F-B1DC-FAD9DF43840C} = {28B2AE26-991D-401F-8204-4887515EFA79}
		{3DA2BFF1-ADEC-45F2-8EEC-D6FA862E98D7} = {28B2AE26-991D-401F-8204-4887515EFA79}
		{B95F66CB-E4BE-4838-83DA-6488234328DB} = {28B2AE26-991D-401F-8204-4887515EFA79}
		{54D2B2A5-DFB0-4588-87CB-15C4BA62466C} = {28B2AE26-991D-401F-8204-4887515EFA79}
		{64A93B06-534C-43CE-AB26-942E0491A480} = {EE94DD51-D5A3-4CCD-847B-E93B8CDDB85C}
		{EC2BAB1A-99CB-4D5F-8D75-9B579BFB95EB} = {EE94DD51-D5A3-4CCD-847B-E93B8CDDB85C}
		{FE9F9260-AC2E-4700-AFC2-C83B4C7C88B4} = {EE94DD51-D5A3-4CCD-847B-E93B8CDDB85C}
		{C67C374F-1795-4835-90CD-8E414CF1A7ED} = {EE94DD51-D5A3-4CCD-847B-E93B8CDDB85C}
	EndGlobalSection
	GlobalSection(ExtensibilityGlobals) = postSolution
		SolutionGuid = {F8126060-01B5-4FB2-AAD7-708FB5A372BB}
	EndGlobalSection
EndGlobal
